// !$*UTF8*$!
{
	archiveVersion = 1;
	classes = {
	};
	objectVersion = 50;
	objects = {

/* Begin PBXBuildFile section */
		471572E525D1BBC3009B712E /* Preview Assets.xcassets in Resources */ = {isa = PBXBuildFile; fileRef = 471572E425D1BBC3009B712E /* Preview Assets.xcassets */; };
		471572F725D1BBD3009B712E /* TextViews.swift in Sources */ = {isa = PBXBuildFile; fileRef = 471572F125D1BBD3009B712E /* TextViews.swift */; };
		471572F825D1BBD3009B712E /* BackgroundView.swift in Sources */ = {isa = PBXBuildFile; fileRef = 471572F225D1BBD3009B712E /* BackgroundView.swift */; };
		471572F925D1BBD3009B712E /* RoundViews.swift in Sources */ = {isa = PBXBuildFile; fileRef = 471572F325D1BBD3009B712E /* RoundViews.swift */; };
		471572FA25D1BBD3009B712E /* Shapes.swift in Sources */ = {isa = PBXBuildFile; fileRef = 471572F425D1BBD3009B712E /* Shapes.swift */; };
		471572FB25D1BBD3009B712E /* ContentView.swift in Sources */ = {isa = PBXBuildFile; fileRef = 471572F525D1BBD3009B712E /* ContentView.swift */; };
		471572FC25D1BBD3009B712E /* PointViews.swift in Sources */ = {isa = PBXBuildFile; fileRef = 471572F625D1BBD3009B712E /* PointViews.swift */; };
		4715730125D1BBD9009B712E /* Game.swift in Sources */ = {isa = PBXBuildFile; fileRef = 471572FF25D1BBD9009B712E /* Game.swift */; };
		4715730225D1BBD9009B712E /* Models.swift in Sources */ = {isa = PBXBuildFile; fileRef = 4715730025D1BBD9009B712E /* Models.swift */; };
		4715730B25D1BBF3009B712E /* Assets.xcassets in Resources */ = {isa = PBXBuildFile; fileRef = 4715730525D1BBF3009B712E /* Assets.xcassets */; };
		4715730C25D1BBF3009B712E /* LaunchScreen.storyboard in Resources */ = {isa = PBXBuildFile; fileRef = 4715730625D1BBF3009B712E /* LaunchScreen.storyboard */; };
		4715730D25D1BBF3009B712E /* AppDelegate.swift in Sources */ = {isa = PBXBuildFile; fileRef = 4715730825D1BBF3009B712E /* AppDelegate.swift */; };
		4715730F25D1BBF3009B712E /* SceneDelegate.swift in Sources */ = {isa = PBXBuildFile; fileRef = 4715730A25D1BBF3009B712E /* SceneDelegate.swift */; };
		4715731A25D1BC1A009B712E /* Bullseye_Final_versionTests.swift in Sources */ = {isa = PBXBuildFile; fileRef = 4715731925D1BC1A009B712E /* Bullseye_Final_versionTests.swift */; };
		4715732625D1BCDB009B712E /* LeaderboardView.swift in Sources */ = {isa = PBXBuildFile; fileRef = 4715732525D1BCDB009B712E /* LeaderboardView.swift */; };
/* End PBXBuildFile section */

/* Begin PBXContainerItemProxy section */
		4715731C25D1BC1A009B712E /* PBXContainerItemProxy */ = {
			isa = PBXContainerItemProxy;
			containerPortal = 471572D025D1BBC2009B712E /* Project object */;
			proxyType = 1;
			remoteGlobalIDString = 471572D725D1BBC2009B712E;
			remoteInfo = "Bullseye-Final-version";
		};
/* End PBXContainerItemProxy section */

/* Begin PBXFileReference section */
		471572D825D1BBC2009B712E /* Bullseye-Final-version.app */ = {isa = PBXFileReference; explicitFileType = wrapper.application; includeInIndex = 0; path = "Bullseye-Final-version.app"; sourceTree = BUILT_PRODUCTS_DIR; };
		471572E425D1BBC3009B712E /* Preview Assets.xcassets */ = {isa = PBXFileReference; lastKnownFileType = folder.assetcatalog; path = "Preview Assets.xcassets"; sourceTree = "<group>"; };
		471572E925D1BBC3009B712E /* Info.plist */ = {isa = PBXFileReference; lastKnownFileType = text.plist.xml; path = Info.plist; sourceTree = "<group>"; };
		471572F125D1BBD3009B712E /* TextViews.swift */ = {isa = PBXFileReference; fileEncoding = 4; lastKnownFileType = sourcecode.swift; path = TextViews.swift; sourceTree = "<group>"; };
		471572F225D1BBD3009B712E /* BackgroundView.swift */ = {isa = PBXFileReference; fileEncoding = 4; lastKnownFileType = sourcecode.swift; path = BackgroundView.swift; sourceTree = "<group>"; };
		471572F325D1BBD3009B712E /* RoundViews.swift */ = {isa = PBXFileReference; fileEncoding = 4; lastKnownFileType = sourcecode.swift; path = RoundViews.swift; sourceTree = "<group>"; };
		471572F425D1BBD3009B712E /* Shapes.swift */ = {isa = PBXFileReference; fileEncoding = 4; lastKnownFileType = sourcecode.swift; path = Shapes.swift; sourceTree = "<group>"; };
		471572F525D1BBD3009B712E /* ContentView.swift */ = {isa = PBXFileReference; fileEncoding = 4; lastKnownFileType = sourcecode.swift; path = ContentView.swift; sourceTree = "<group>"; };
		471572F625D1BBD3009B712E /* PointViews.swift */ = {isa = PBXFileReference; fileEncoding = 4; lastKnownFileType = sourcecode.swift; path = PointViews.swift; sourceTree = "<group>"; };
		471572FF25D1BBD9009B712E /* Game.swift */ = {isa = PBXFileReference; fileEncoding = 4; lastKnownFileType = sourcecode.swift; path = Game.swift; sourceTree = "<group>"; };
		4715730025D1BBD9009B712E /* Models.swift */ = {isa = PBXFileReference; fileEncoding = 4; lastKnownFileType = sourcecode.swift; path = Models.swift; sourceTree = "<group>"; };
		4715730525D1BBF3009B712E /* Assets.xcassets */ = {isa = PBXFileReference; lastKnownFileType = folder.assetcatalog; path = Assets.xcassets; sourceTree = "<group>"; };
		4715730725D1BBF3009B712E /* Base */ = {isa = PBXFileReference; lastKnownFileType = file.storyboard; name = Base; path = Base.lproj/LaunchScreen.storyboard; sourceTree = "<group>"; };
		4715730825D1BBF3009B712E /* AppDelegate.swift */ = {isa = PBXFileReference; fileEncoding = 4; lastKnownFileType = sourcecode.swift; path = AppDelegate.swift; sourceTree = "<group>"; };
		4715730A25D1BBF3009B712E /* SceneDelegate.swift */ = {isa = PBXFileReference; fileEncoding = 4; lastKnownFileType = sourcecode.swift; path = SceneDelegate.swift; sourceTree = "<group>"; };
		4715731725D1BC1A009B712E /* Bullseye-Final-versionTests.xctest */ = {isa = PBXFileReference; explicitFileType = wrapper.cfbundle; includeInIndex = 0; path = "Bullseye-Final-versionTests.xctest"; sourceTree = BUILT_PRODUCTS_DIR; };
		4715731925D1BC1A009B712E /* Bullseye_Final_versionTests.swift */ = {isa = PBXFileReference; lastKnownFileType = sourcecode.swift; path = Bullseye_Final_versionTests.swift; sourceTree = "<group>"; };
		4715731B25D1BC1A009B712E /* Info.plist */ = {isa = PBXFileReference; lastKnownFileType = text.plist.xml; path = Info.plist; sourceTree = "<group>"; };
		4715732525D1BCDB009B712E /* LeaderboardView.swift */ = {isa = PBXFileReference; lastKnownFileType = sourcecode.swift; path = LeaderboardView.swift; sourceTree = "<group>"; };
/* End PBXFileReference section */

/* Begin PBXFrameworksBuildPhase section */
		471572D525D1BBC2009B712E /* Frameworks */ = {
			isa = PBXFrameworksBuildPhase;
			buildActionMask = 2147483647;
			files = (
			);
			runOnlyForDeploymentPostprocessing = 0;
		};
		4715731425D1BC1A009B712E /* Frameworks */ = {
			isa = PBXFrameworksBuildPhase;
			buildActionMask = 2147483647;
			files = (
			);
			runOnlyForDeploymentPostprocessing = 0;
		};
/* End PBXFrameworksBuildPhase section */

/* Begin PBXGroup section */
		471572CF25D1BBC2009B712E = {
			isa = PBXGroup;
			children = (
				471572DA25D1BBC2009B712E /* Bullseye-Final-version */,
				4715731825D1BC1A009B712E /* Bullseye-Final-versionTests */,
				471572D925D1BBC2009B712E /* Products */,
			);
			sourceTree = "<group>";
		};
		471572D925D1BBC2009B712E /* Products */ = {
			isa = PBXGroup;
			children = (
				471572D825D1BBC2009B712E /* Bullseye-Final-version.app */,
				4715731725D1BC1A009B712E /* Bullseye-Final-versionTests.xctest */,
			);
			name = Products;
			sourceTree = "<group>";
		};
		471572DA25D1BBC2009B712E /* Bullseye-Final-version */ = {
			isa = PBXGroup;
			children = (
				4715730425D1BBF3009B712E /* App */,
				471572F025D1BBD3009B712E /* Views */,
				471572FE25D1BBD9009B712E /* Models */,
				471572E325D1BBC3009B712E /* Preview Content */,
			);
			path = "Bullseye-Final-version";
			sourceTree = "<group>";
		};
		471572E325D1BBC3009B712E /* Preview Content */ = {
			isa = PBXGroup;
			children = (
				471572E425D1BBC3009B712E /* Preview Assets.xcassets */,
			);
			path = "Preview Content";
			sourceTree = "<group>";
		};
		471572F025D1BBD3009B712E /* Views */ = {
			isa = PBXGroup;
			children = (
				471572F125D1BBD3009B712E /* TextViews.swift */,
				471572F225D1BBD3009B712E /* BackgroundView.swift */,
				4715732525D1BCDB009B712E /* LeaderboardView.swift */,
				471572F325D1BBD3009B712E /* RoundViews.swift */,
				471572F425D1BBD3009B712E /* Shapes.swift */,
				471572F525D1BBD3009B712E /* ContentView.swift */,
				471572F625D1BBD3009B712E /* PointViews.swift */,
			);
			path = Views;
			sourceTree = "<group>";
		};
		471572FE25D1BBD9009B712E /* Models */ = {
			isa = PBXGroup;
			children = (
				471572FF25D1BBD9009B712E /* Game.swift */,
				4715730025D1BBD9009B712E /* Models.swift */,
			);
			path = Models;
			sourceTree = "<group>";
		};
		4715730425D1BBF3009B712E /* App */ = {
			isa = PBXGroup;
			children = (
				4715730525D1BBF3009B712E /* Assets.xcassets */,
				4715730625D1BBF3009B712E /* LaunchScreen.storyboard */,
				4715730825D1BBF3009B712E /* AppDelegate.swift */,
				4715730A25D1BBF3009B712E /* SceneDelegate.swift */,
				471572E925D1BBC3009B712E /* Info.plist */,
			);
			path = App;
			sourceTree = "<group>";
		};
		4715731825D1BC1A009B712E /* Bullseye-Final-versionTests */ = {
			isa = PBXGroup;
			children = (
				4715731925D1BC1A009B712E /* Bullseye_Final_versionTests.swift */,
				4715731B25D1BC1A009B712E /* Info.plist */,
			);
			path = "Bullseye-Final-versionTests";
			sourceTree = "<group>";
		};
/* End PBXGroup section */

/* Begin PBXNativeTarget section */
		471572D725D1BBC2009B712E /* Bullseye-Final-version */ = {
			isa = PBXNativeTarget;
			buildConfigurationList = 471572EC25D1BBC3009B712E /* Build configuration list for PBXNativeTarget "Bullseye-Final-version" */;
			buildPhases = (
				471572D425D1BBC2009B712E /* Sources */,
				471572D525D1BBC2009B712E /* Frameworks */,
				471572D625D1BBC2009B712E /* Resources */,
			);
			buildRules = (
			);
			dependencies = (
			);
			name = "Bullseye-Final-version";
			productName = "Bullseye-Final-version";
			productReference = 471572D825D1BBC2009B712E /* Bullseye-Final-version.app */;
			productType = "com.apple.product-type.application";
		};
		4715731625D1BC1A009B712E /* Bullseye-Final-versionTests */ = {
			isa = PBXNativeTarget;
			buildConfigurationList = 4715731E25D1BC1A009B712E /* Build configuration list for PBXNativeTarget "Bullseye-Final-versionTests" */;
			buildPhases = (
				4715731325D1BC1A009B712E /* Sources */,
				4715731425D1BC1A009B712E /* Frameworks */,
				4715731525D1BC1A009B712E /* Resources */,
			);
			buildRules = (
			);
			dependencies = (
				4715731D25D1BC1A009B712E /* PBXTargetDependency */,
			);
			name = "Bullseye-Final-versionTests";
			productName = "Bullseye-Final-versionTests";
			productReference = 4715731725D1BC1A009B712E /* Bullseye-Final-versionTests.xctest */;
			productType = "com.apple.product-type.bundle.unit-test";
		};
/* End PBXNativeTarget section */

/* Begin PBXProject section */
		471572D025D1BBC2009B712E /* Project object */ = {
			isa = PBXProject;
			attributes = {
				LastSwiftUpdateCheck = 1220;
				LastUpgradeCheck = 1220;
				TargetAttributes = {
					471572D725D1BBC2009B712E = {
						CreatedOnToolsVersion = 12.2;
					};
					4715731625D1BC1A009B712E = {
						CreatedOnToolsVersion = 12.2;
						TestTargetID = 471572D725D1BBC2009B712E;
					};
				};
			};
			buildConfigurationList = 471572D325D1BBC2009B712E /* Build configuration list for PBXProject "Bullseye-Final-version" */;
			compatibilityVersion = "Xcode 9.3";
			developmentRegion = en;
			hasScannedForEncodings = 0;
			knownRegions = (
				en,
				Base,
			);
			mainGroup = 471572CF25D1BBC2009B712E;
			productRefGroup = 471572D925D1BBC2009B712E /* Products */;
			projectDirPath = "";
			projectRoot = "";
			targets = (
				471572D725D1BBC2009B712E /* Bullseye-Final-version */,
				4715731625D1BC1A009B712E /* Bullseye-Final-versionTests */,
			);
		};
/* End PBXProject section */

/* Begin PBXResourcesBuildPhase section */
		471572D625D1BBC2009B712E /* Resources */ = {
			isa = PBXResourcesBuildPhase;
			buildActionMask = 2147483647;
			files = (
				471572E525D1BBC3009B712E /* Preview Assets.xcassets in Resources */,
				4715730B25D1BBF3009B712E /* Assets.xcassets in Resources */,
				4715730C25D1BBF3009B712E /* LaunchScreen.storyboard in Resources */,
			);
			runOnlyForDeploymentPostprocessing = 0;
		};
		4715731525D1BC1A009B712E /* Resources */ = {
			isa = PBXResourcesBuildPhase;
			buildActionMask = 2147483647;
			files = (
			);
			runOnlyForDeploymentPostprocessing = 0;
		};
/* End PBXResourcesBuildPhase section */

/* Begin PBXSourcesBuildPhase section */
		471572D425D1BBC2009B712E /* Sources */ = {
			isa = PBXSourcesBuildPhase;
			buildActionMask = 2147483647;
			files = (
				4715730D25D1BBF3009B712E /* AppDelegate.swift in Sources */,
				4715730225D1BBD9009B712E /* Models.swift in Sources */,
				4715732625D1BCDB009B712E /* LeaderboardView.swift in Sources */,
				471572FA25D1BBD3009B712E /* Shapes.swift in Sources */,
				4715730125D1BBD9009B712E /* Game.swift in Sources */,
				471572F825D1BBD3009B712E /* BackgroundView.swift in Sources */,
				471572FB25D1BBD3009B712E /* ContentView.swift in Sources */,
				471572F725D1BBD3009B712E /* TextViews.swift in Sources */,
				4715730F25D1BBF3009B712E /* SceneDelegate.swift in Sources */,
				471572FC25D1BBD3009B712E /* PointViews.swift in Sources */,
				471572F925D1BBD3009B712E /* RoundViews.swift in Sources */,
			);
			runOnlyForDeploymentPostprocessing = 0;
		};
		4715731325D1BC1A009B712E /* Sources */ = {
			isa = PBXSourcesBuildPhase;
			buildActionMask = 2147483647;
			files = (
				4715731A25D1BC1A009B712E /* Bullseye_Final_versionTests.swift in Sources */,
			);
			runOnlyForDeploymentPostprocessing = 0;
		};
/* End PBXSourcesBuildPhase section */

/* Begin PBXTargetDependency section */
		4715731D25D1BC1A009B712E /* PBXTargetDependency */ = {
			isa = PBXTargetDependency;
			target = 471572D725D1BBC2009B712E /* Bullseye-Final-version */;
			targetProxy = 4715731C25D1BC1A009B712E /* PBXContainerItemProxy */;
		};
/* End PBXTargetDependency section */

/* Begin PBXVariantGroup section */
		4715730625D1BBF3009B712E /* LaunchScreen.storyboard */ = {
			isa = PBXVariantGroup;
			children = (
				4715730725D1BBF3009B712E /* Base */,
			);
			name = LaunchScreen.storyboard;
			sourceTree = "<group>";
		};
/* End PBXVariantGroup section */

/* Begin XCBuildConfiguration section */
		471572EA25D1BBC3009B712E /* Debug */ = {
			isa = XCBuildConfiguration;
			buildSettings = {
				ALWAYS_SEARCH_USER_PATHS = NO;
				CLANG_ANALYZER_NONNULL = YES;
				CLANG_ANALYZER_NUMBER_OBJECT_CONVERSION = YES_AGGRESSIVE;
				CLANG_CXX_LANGUAGE_STANDARD = "gnu++14";
				CLANG_CXX_LIBRARY = "libc++";
				CLANG_ENABLE_MODULES = YES;
				CLANG_ENABLE_OBJC_ARC = YES;
				CLANG_ENABLE_OBJC_WEAK = YES;
				CLANG_WARN_BLOCK_CAPTURE_AUTORELEASING = YES;
				CLANG_WARN_BOOL_CONVERSION = YES;
				CLANG_WARN_COMMA = YES;
				CLANG_WARN_CONSTANT_CONVERSION = YES;
				CLANG_WARN_DEPRECATED_OBJC_IMPLEMENTATIONS = YES;
				CLANG_WARN_DIRECT_OBJC_ISA_USAGE = YES_ERROR;
				CLANG_WARN_DOCUMENTATION_COMMENTS = YES;
				CLANG_WARN_EMPTY_BODY = YES;
				CLANG_WARN_ENUM_CONVERSION = YES;
				CLANG_WARN_INFINITE_RECURSION = YES;
				CLANG_WARN_INT_CONVERSION = YES;
				CLANG_WARN_NON_LITERAL_NULL_CONVERSION = YES;
				CLANG_WARN_OBJC_IMPLICIT_RETAIN_SELF = YES;
				CLANG_WARN_OBJC_LITERAL_CONVERSION = YES;
				CLANG_WARN_OBJC_ROOT_CLASS = YES_ERROR;
				CLANG_WARN_QUOTED_INCLUDE_IN_FRAMEWORK_HEADER = YES;
				CLANG_WARN_RANGE_LOOP_ANALYSIS = YES;
				CLANG_WARN_STRICT_PROTOTYPES = YES;
				CLANG_WARN_SUSPICIOUS_MOVE = YES;
				CLANG_WARN_UNGUARDED_AVAILABILITY = YES_AGGRESSIVE;
				CLANG_WARN_UNREACHABLE_CODE = YES;
				CLANG_WARN__DUPLICATE_METHOD_MATCH = YES;
				COPY_PHASE_STRIP = NO;
				DEBUG_INFORMATION_FORMAT = dwarf;
				ENABLE_STRICT_OBJC_MSGSEND = YES;
				ENABLE_TESTABILITY = YES;
				GCC_C_LANGUAGE_STANDARD = gnu11;
				GCC_DYNAMIC_NO_PIC = NO;
				GCC_NO_COMMON_BLOCKS = YES;
				GCC_OPTIMIZATION_LEVEL = 0;
				GCC_PREPROCESSOR_DEFINITIONS = (
					"DEBUG=1",
					"$(inherited)",
				);
				GCC_WARN_64_TO_32_BIT_CONVERSION = YES;
				GCC_WARN_ABOUT_RETURN_TYPE = YES_ERROR;
				GCC_WARN_UNDECLARED_SELECTOR = YES;
				GCC_WARN_UNINITIALIZED_AUTOS = YES_AGGRESSIVE;
				GCC_WARN_UNUSED_FUNCTION = YES;
				GCC_WARN_UNUSED_VARIABLE = YES;
				IPHONEOS_DEPLOYMENT_TARGET = 14.2;
				MTL_ENABLE_DEBUG_INFO = INCLUDE_SOURCE;
				MTL_FAST_MATH = YES;
				ONLY_ACTIVE_ARCH = YES;
				SDKROOT = iphoneos;
				SWIFT_ACTIVE_COMPILATION_CONDITIONS = DEBUG;
				SWIFT_OPTIMIZATION_LEVEL = "-Onone";
			};
			name = Debug;
		};
		471572EB25D1BBC3009B712E /* Release */ = {
			isa = XCBuildConfiguration;
			buildSettings = {
				ALWAYS_SEARCH_USER_PATHS = NO;
				CLANG_ANALYZER_NONNULL = YES;
				CLANG_ANALYZER_NUMBER_OBJECT_CONVERSION = YES_AGGRESSIVE;
				CLANG_CXX_LANGUAGE_STANDARD = "gnu++14";
				CLANG_CXX_LIBRARY = "libc++";
				CLANG_ENABLE_MODULES = YES;
				CLANG_ENABLE_OBJC_ARC = YES;
				CLANG_ENABLE_OBJC_WEAK = YES;
				CLANG_WARN_BLOCK_CAPTURE_AUTORELEASING = YES;
				CLANG_WARN_BOOL_CONVERSION = YES;
				CLANG_WARN_COMMA = YES;
				CLANG_WARN_CONSTANT_CONVERSION = YES;
				CLANG_WARN_DEPRECATED_OBJC_IMPLEMENTATIONS = YES;
				CLANG_WARN_DIRECT_OBJC_ISA_USAGE = YES_ERROR;
				CLANG_WARN_DOCUMENTATION_COMMENTS = YES;
				CLANG_WARN_EMPTY_BODY = YES;
				CLANG_WARN_ENUM_CONVERSION = YES;
				CLANG_WARN_INFINITE_RECURSION = YES;
				CLANG_WARN_INT_CONVERSION = YES;
				CLANG_WARN_NON_LITERAL_NULL_CONVERSION = YES;
				CLANG_WARN_OBJC_IMPLICIT_RETAIN_SELF = YES;
				CLANG_WARN_OBJC_LITERAL_CONVERSION = YES;
				CLANG_WARN_OBJC_ROOT_CLASS = YES_ERROR;
				CLANG_WARN_QUOTED_INCLUDE_IN_FRAMEWORK_HEADER = YES;
				CLANG_WARN_RANGE_LOOP_ANALYSIS = YES;
				CLANG_WARN_STRICT_PROTOTYPES = YES;
				CLANG_WARN_SUSPICIOUS_MOVE = YES;
				CLANG_WARN_UNGUARDED_AVAILABILITY = YES_AGGRESSIVE;
				CLANG_WARN_UNREACHABLE_CODE = YES;
				CLANG_WARN__DUPLICATE_METHOD_MATCH = YES;
				COPY_PHASE_STRIP = NO;
				DEBUG_INFORMATION_FORMAT = "dwarf-with-dsym";
				ENABLE_NS_ASSERTIONS = NO;
				ENABLE_STRICT_OBJC_MSGSEND = YES;
				GCC_C_LANGUAGE_STANDARD = gnu11;
				GCC_NO_COMMON_BLOCKS = YES;
				GCC_WARN_64_TO_32_BIT_CONVERSION = YES;
				GCC_WARN_ABOUT_RETURN_TYPE = YES_ERROR;
				GCC_WARN_UNDECLARED_SELECTOR = YES;
				GCC_WARN_UNINITIALIZED_AUTOS = YES_AGGRESSIVE;
				GCC_WARN_UNUSED_FUNCTION = YES;
				GCC_WARN_UNUSED_VARIABLE = YES;
				IPHONEOS_DEPLOYMENT_TARGET = 14.2;
				MTL_ENABLE_DEBUG_INFO = NO;
				MTL_FAST_MATH = YES;
				SDKROOT = iphoneos;
				SWIFT_COMPILATION_MODE = wholemodule;
				SWIFT_OPTIMIZATION_LEVEL = "-O";
				VALIDATE_PRODUCT = YES;
			};
			name = Release;
		};
		471572ED25D1BBC3009B712E /* Debug */ = {
			isa = XCBuildConfiguration;
			buildSettings = {
				ASSETCATALOG_COMPILER_APPICON_NAME = AppIcon;
				ASSETCATALOG_COMPILER_GLOBAL_ACCENT_COLOR_NAME = AccentColor;
				CODE_SIGN_STYLE = Automatic;
				DEVELOPMENT_ASSET_PATHS = "\"Bullseye-Final-version/Preview Content\"";
				DEVELOPMENT_TEAM = Q5Y5DR73B2;
				ENABLE_PREVIEWS = YES;
				INFOPLIST_FILE = "Bullseye-Final-version/App/Info.plist";
				LD_RUNPATH_SEARCH_PATHS = (
					"$(inherited)",
					"@executable_path/Frameworks",
				);
				PRODUCT_BUNDLE_IDENTIFIER = "com.aoomle.Bullseye-Final-version";
				PRODUCT_NAME = "$(TARGET_NAME)";
				SWIFT_VERSION = 5.0;
				TARGETED_DEVICE_FAMILY = "1,2";
			};
			name = Debug;
		};
		471572EE25D1BBC3009B712E /* Release */ = {
			isa = XCBuildConfiguration;
			buildSettings = {
				ASSETCATALOG_COMPILER_APPICON_NAME = AppIcon;
				ASSETCATALOG_COMPILER_GLOBAL_ACCENT_COLOR_NAME = AccentColor;
				CODE_SIGN_STYLE = Automatic;
				DEVELOPMENT_ASSET_PATHS = "\"Bullseye-Final-version/Preview Content\"";
				DEVELOPMENT_TEAM = Q5Y5DR73B2;
				ENABLE_PREVIEWS = YES;
				INFOPLIST_FILE = "Bullseye-Final-version/App/Info.plist";
				LD_RUNPATH_SEARCH_PATHS = (
					"$(inherited)",
					"@executable_path/Frameworks",
				);
				PRODUCT_BUNDLE_IDENTIFIER = "com.aoomle.Bullseye-Final-version";
				PRODUCT_NAME = "$(TARGET_NAME)";
				SWIFT_VERSION = 5.0;
				TARGETED_DEVICE_FAMILY = "1,2";
			};
			name = Release;
		};
		4715731F25D1BC1A009B712E /* Debug */ = {
			isa = XCBuildConfiguration;
			buildSettings = {
				BUNDLE_LOADER = "$(TEST_HOST)";
				CODE_SIGN_STYLE = Automatic;
				DEVELOPMENT_TEAM = Q5Y5DR73B2;
				INFOPLIST_FILE = "Bullseye-Final-versionTests/Info.plist";
				LD_RUNPATH_SEARCH_PATHS = (
					"$(inherited)",
					"@executable_path/Frameworks",
					"@loader_path/Frameworks",
				);
				PRODUCT_BUNDLE_IDENTIFIER = "com.aoomle.Bullseye-Final-versionTests";
				PRODUCT_NAME = "$(TARGET_NAME)";
				SWIFT_VERSION = 5.0;
				TARGETED_DEVICE_FAMILY = "1,2";
				TEST_HOST = "$(BUILT_PRODUCTS_DIR)/Bullseye-Final-version.app/Bullseye-Final-version";
			};
			name = Debug;
		};
		4715732025D1BC1A009B712E /* Release */ = {
			isa = XCBuildConfiguration;
			buildSettings = {
				BUNDLE_LOADER = "$(TEST_HOST)";
				CODE_SIGN_STYLE = Automatic;
				DEVELOPMENT_TEAM = Q5Y5DR73B2;
				INFOPLIST_FILE = "Bullseye-Final-versionTests/Info.plist";
				LD_RUNPATH_SEARCH_PATHS = (
					"$(inherited)",
					"@executable_path/Frameworks",
					"@loader_path/Frameworks",
				);
				PRODUCT_BUNDLE_IDENTIFIER = "com.aoomle.Bullseye-Final-versionTests";
				PRODUCT_NAME = "$(TARGET_NAME)";
				SWIFT_VERSION = 5.0;
				TARGETED_DEVICE_FAMILY = "1,2";
				TEST_HOST = "$(BUILT_PRODUCTS_DIR)/Bullseye-Final-version.app/Bullseye-Final-version";
			};
			name = Release;
		};
/* End XCBuildConfiguration section */

/* Begin XCConfigurationList section */
		471572D325D1BBC2009B712E /* Build configuration list for PBXProject "Bullseye-Final-version" */ = {
			isa = XCConfigurationList;
			buildConfigurations = (
				471572EA25D1BBC3009B712E /* Debug */,
				471572EB25D1BBC3009B712E /* Release */,
			);
			defaultConfigurationIsVisible = 0;
			defaultConfigurationName = Release;
		};
		471572EC25D1BBC3009B712E /* Build configuration list for PBXNativeTarget "Bullseye-Final-version" */ = {
			isa = XCConfigurationList;
			buildConfigurations = (
				471572ED25D1BBC3009B712E /* Debug */,
				471572EE25D1BBC3009B712E /* Release */,
			);
			defaultConfigurationIsVisible = 0;
			defaultConfigurationName = Release;
		};
		4715731E25D1BC1A009B712E /* Build configuration list for PBXNativeTarget "Bullseye-Final-versionTests" */ = {
			isa = XCConfigurationList;
			buildConfigurations = (
				4715731F25D1BC1A009B712E /* Debug */,
				4715732025D1BC1A009B712E /* Release */,
			);
			defaultConfigurationIsVisible = 0;
			defaultConfigurationName = Release;
		};
/* End XCConfigurationList section */
	};
	rootObject = 471572D025D1BBC2009B712E /* Project object */;
}
