// !$*UTF8*$!
{
	archiveVersion = 1;
	classes = {
	};
	objectVersion = 50;
	objects = {

/* Begin PBXBuildFile section */
		471572DC25D1BBC2009B712E /* AppDelegate.swift in Sources */ = {isa = PBXBuildFile; fileRef = 471572DB25D1BBC2009B712E /* AppDelegate.swift */; };
		471572DE25D1BBC2009B712E /* SceneDelegate.swift in Sources */ = {isa = PBXBuildFile; fileRef = 471572DD25D1BBC2009B712E /* SceneDelegate.swift */; };
		471572E025D1BBC2009B712E /* ContentView.swift in Sources */ = {isa = PBXBuildFile; fileRef = 471572DF25D1BBC2009B712E /* ContentView.swift */; };
		471572E225D1BBC3009B712E /* Assets.xcassets in Resources */ = {isa = PBXBuildFile; fileRef = 471572E125D1BBC3009B712E /* Assets.xcassets */; };
		471572E525D1BBC3009B712E /* Preview Assets.xcassets in Resources */ = {isa = PBXBuildFile; fileRef = 471572E425D1BBC3009B712E /* Preview Assets.xcassets */; };
		471572E825D1BBC3009B712E /* LaunchScreen.storyboard in Resources */ = {isa = PBXBuildFile; fileRef = 471572E625D1BBC3009B712E /* LaunchScreen.storyboard */; };
/* End PBXBuildFile section */

/* Begin PBXFileReference section */
		471572D825D1BBC2009B712E /* Bullseye-Final-version.app */ = {isa = PBXFileReference; explicitFileType = wrapper.application; includeInIndex = 0; path = "Bullseye-Final-version.app"; sourceTree = BUILT_PRODUCTS_DIR; };
		471572DB25D1BBC2009B712E /* AppDelegate.swift */ = {isa = PBXFileReference; lastKnownFileType = sourcecode.swift; path = AppDelegate.swift; sourceTree = "<group>"; };
		471572DD25D1BBC2009B712E /* SceneDelegate.swift */ = {isa = PBXFileReference; lastKnownFileType = sourcecode.swift; path = SceneDelegate.swift; sourceTree = "<group>"; };
		471572DF25D1BBC2009B712E /* ContentView.swift */ = {isa = PBXFileReference; lastKnownFileType = sourcecode.swift; path = ContentView.swift; sourceTree = "<group>"; };
		471572E125D1BBC3009B712E /* Assets.xcassets */ = {isa = PBXFileReference; lastKnownFileType = folder.assetcatalog; path = Assets.xcassets; sourceTree = "<group>"; };
		471572E425D1BBC3009B712E /* Preview Assets.xcassets */ = {isa = PBXFileReference; lastKnownFileType = folder.assetcatalog; path = "Preview Assets.xcassets"; sourceTree = "<group>"; };
		471572E725D1BBC3009B712E /* Base */ = {isa = PBXFileReference; lastKnownFileType = file.storyboard; name = Base; path = Base.lproj/LaunchScreen.storyboard; sourceTree = "<group>"; };
		471572E925D1BBC3009B712E /* Info.plist */ = {isa = PBXFileReference; lastKnownFileType = text.plist.xml; path = Info.plist; sourceTree = "<group>"; };
/* End PBXFileReference section */

/* Begin PBXFrameworksBuildPhase section */
		471572D525D1BBC2009B712E /* Frameworks */ = {
			isa = PBXFrameworksBuildPhase;
			buildActionMask = 2147483647;
			files = (
			);
			runOnlyForDeploymentPostprocessing = 0;
		};
/* End PBXFrameworksBuildPhase section */

/* Begin PBXGroup section */
		471572CF25D1BBC2009B712E = {
			isa = PBXGroup;
			children = (
				471572DA25D1BBC2009B712E /* Bullseye-Final-version */,
				471572D925D1BBC2009B712E /* Products */,
			);
			sourceTree = "<group>";
		};
		471572D925D1BBC2009B712E /* Products */ = {
			isa = PBXGroup;
			children = (
				471572D825D1BBC2009B712E /* Bullseye-Final-version.app */,
			);
			name = Products;
			sourceTree = "<group>";
		};
		471572DA25D1BBC2009B712E /* Bullseye-Final-version */ = {
			isa = PBXGroup;
			children = (
				471572DB25D1BBC2009B712E /* AppDelegate.swift */,
				471572DD25D1BBC2009B712E /* SceneDelegate.swift */,
				471572DF25D1BBC2009B712E /* ContentView.swift */,
				471572E125D1BBC3009B712E /* Assets.xcassets */,
				471572E625D1BBC3009B712E /* LaunchScreen.storyboard */,
				471572E925D1BBC3009B712E /* Info.plist */,
				471572E325D1BBC3009B712E /* Preview Content */,
			);
			path = "Bullseye-Final-version";
			sourceTree = "<group>";
		};
		471572E325D1BBC3009B712E /* Preview Content */ = {
			isa = PBXGroup;
			children = (
				471572E425D1BBC3009B712E /* Preview Assets.xcassets */,
			);
			path = "Preview Content";
			sourceTree = "<group>";
		};
/* End PBXGroup section */

/* Begin PBXNativeTarget section */
		471572D725D1BBC2009B712E /* Bullseye-Final-version */ = {
			isa = PBXNativeTarget;
			buildConfigurationList = 471572EC25D1BBC3009B712E /* Build configuration list for PBXNativeTarget "Bullseye-Final-version" */;
			buildPhases = (
				471572D425D1BBC2009B712E /* Sources */,
				471572D525D1BBC2009B712E /* Frameworks */,
				471572D625D1BBC2009B712E /* Resources */,
			);
			buildRules = (
			);
			dependencies = (
			);
			name = "Bullseye-Final-version";
			productName = "Bullseye-Final-version";
			productReference = 471572D825D1BBC2009B712E /* Bullseye-Final-version.app */;
			productType = "com.apple.product-type.application";
		};
/* End PBXNativeTarget section */

/* Begin PBXProject section */
		471572D025D1BBC2009B712E /* Project object */ = {
			isa = PBXProject;
			attributes = {
				LastSwiftUpdateCheck = 1220;
				LastUpgradeCheck = 1220;
				TargetAttributes = {
					471572D725D1BBC2009B712E = {
						CreatedOnToolsVersion = 12.2;
					};
				};
			};
			buildConfigurationList = 471572D325D1BBC2009B712E /* Build configuration list for PBXProject "Bullseye-Final-version" */;
			compatibilityVersion = "Xcode 9.3";
			developmentRegion = en;
			hasScannedForEncodings = 0;
			knownRegions = (
				en,
				Base,
			);
			mainGroup = 471572CF25D1BBC2009B712E;
			productRefGroup = 471572D925D1BBC2009B712E /* Products */;
			projectDirPath = "";
			projectRoot = "";
			targets = (
				471572D725D1BBC2009B712E /* Bullseye-Final-version */,
			);
		};
/* End PBXProject section */

/* Begin PBXResourcesBuildPhase section */
		471572D625D1BBC2009B712E /* Resources */ = {
			isa = PBXResourcesBuildPhase;
			buildActionMask = 2147483647;
			files = (
				471572E825D1BBC3009B712E /* LaunchScreen.storyboard in Resources */,
				471572E525D1BBC3009B712E /* Preview Assets.xcassets in Resources */,
				471572E225D1BBC3009B712E /* Assets.xcassets in Resources */,
			);
			runOnlyForDeploymentPostprocessing = 0;
		};
/* End PBXResourcesBuildPhase section */

/* Begin PBXSourcesBuildPhase section */
		471572D425D1BBC2009B712E /* Sources */ = {
			isa = PBXSourcesBuildPhase;
			buildActionMask = 2147483647;
			files = (
				471572DC25D1BBC2009B712E /* AppDelegate.swift in Sources */,
				471572DE25D1BBC2009B712E /* SceneDelegate.swift in Sources */,
				471572E025D1BBC2009B712E /* ContentView.swift in Sources */,
			);
			runOnlyForDeploymentPostprocessing = 0;
		};
/* End PBXSourcesBuildPhase section */

/* Begin PBXVariantGroup section */
		471572E625D1BBC3009B712E /* LaunchScreen.storyboard */ = {
			isa = PBXVariantGroup;
			children = (
				471572E725D1BBC3009B712E /* Base */,
			);
			name = LaunchScreen.storyboard;
			sourceTree = "<group>";
		};
/* End PBXVariantGroup section */

/* Begin XCBuildConfiguration section */
		471572EA25D1BBC3009B712E /* Debug */ = {
			isa = XCBuildConfiguration;
			buildSettings = {
				ALWAYS_SEARCH_USER_PATHS = NO;
				CLANG_ANALYZER_NONNULL = YES;
				CLANG_ANALYZER_NUMBER_OBJECT_CONVERSION = YES_AGGRESSIVE;
				CLANG_CXX_LANGUAGE_STANDARD = "gnu++14";
				CLANG_CXX_LIBRARY = "libc++";
				CLANG_ENABLE_MODULES = YES;
				CLANG_ENABLE_OBJC_ARC = YES;
				CLANG_ENABLE_OBJC_WEAK = YES;
				CLANG_WARN_BLOCK_CAPTURE_AUTORELEASING = YES;
				CLANG_WARN_BOOL_CONVERSION = YES;
				CLANG_WARN_COMMA = YES;
				CLANG_WARN_CONSTANT_CONVERSION = YES;
				CLANG_WARN_DEPRECATED_OBJC_IMPLEMENTATIONS = YES;
				CLANG_WARN_DIRECT_OBJC_ISA_USAGE = YES_ERROR;
				CLANG_WARN_DOCUMENTATION_COMMENTS = YES;
				CLANG_WARN_EMPTY_BODY = YES;
				CLANG_WARN_ENUM_CONVERSION = YES;
				CLANG_WARN_INFINITE_RECURSION = YES;
				CLANG_WARN_INT_CONVERSION = YES;
				CLANG_WARN_NON_LITERAL_NULL_CONVERSION = YES;
				CLANG_WARN_OBJC_IMPLICIT_RETAIN_SELF = YES;
				CLANG_WARN_OBJC_LITERAL_CONVERSION = YES;
				CLANG_WARN_OBJC_ROOT_CLASS = YES_ERROR;
				CLANG_WARN_QUOTED_INCLUDE_IN_FRAMEWORK_HEADER = YES;
				CLANG_WARN_RANGE_LOOP_ANALYSIS = YES;
				CLANG_WARN_STRICT_PROTOTYPES = YES;
				CLANG_WARN_SUSPICIOUS_MOVE = YES;
				CLANG_WARN_UNGUARDED_AVAILABILITY = YES_AGGRESSIVE;
				CLANG_WARN_UNREACHABLE_CODE = YES;
				CLANG_WARN__DUPLICATE_METHOD_MATCH = YES;
				COPY_PHASE_STRIP = NO;
				DEBUG_INFORMATION_FORMAT = dwarf;
				ENABLE_STRICT_OBJC_MSGSEND = YES;
				ENABLE_TESTABILITY = YES;
				GCC_C_LANGUAGE_STANDARD = gnu11;
				GCC_DYNAMIC_NO_PIC = NO;
				GCC_NO_COMMON_BLOCKS = YES;
				GCC_OPTIMIZATION_LEVEL = 0;
				GCC_PREPROCESSOR_DEFINITIONS = (
					"DEBUG=1",
					"$(inherited)",
				);
				GCC_WARN_64_TO_32_BIT_CONVERSION = YES;
				GCC_WARN_ABOUT_RETURN_TYPE = YES_ERROR;
				GCC_WARN_UNDECLARED_SELECTOR = YES;
				GCC_WARN_UNINITIALIZED_AUTOS = YES_AGGRESSIVE;
				GCC_WARN_UNUSED_FUNCTION = YES;
				GCC_WARN_UNUSED_VARIABLE = YES;
				IPHONEOS_DEPLOYMENT_TARGET = 14.2;
				MTL_ENABLE_DEBUG_INFO = INCLUDE_SOURCE;
				MTL_FAST_MATH = YES;
				ONLY_ACTIVE_ARCH = YES;
				SDKROOT = iphoneos;
				SWIFT_ACTIVE_COMPILATION_CONDITIONS = DEBUG;
				SWIFT_OPTIMIZATION_LEVEL = "-Onone";
			};
			name = Debug;
		};
		471572EB25D1BBC3009B712E /* Release */ = {
			isa = XCBuildConfiguration;
			buildSettings = {
				ALWAYS_SEARCH_USER_PATHS = NO;
				CLANG_ANALYZER_NONNULL = YES;
				CLANG_ANALYZER_NUMBER_OBJECT_CONVERSION = YES_AGGRESSIVE;
				CLANG_CXX_LANGUAGE_STANDARD = "gnu++14";
				CLANG_CXX_LIBRARY = "libc++";
				CLANG_ENABLE_MODULES = YES;
				CLANG_ENABLE_OBJC_ARC = YES;
				CLANG_ENABLE_OBJC_WEAK = YES;
				CLANG_WARN_BLOCK_CAPTURE_AUTORELEASING = YES;
				CLANG_WARN_BOOL_CONVERSION = YES;
				CLANG_WARN_COMMA = YES;
				CLANG_WARN_CONSTANT_CONVERSION = YES;
				CLANG_WARN_DEPRECATED_OBJC_IMPLEMENTATIONS = YES;
				CLANG_WARN_DIRECT_OBJC_ISA_USAGE = YES_ERROR;
				CLANG_WARN_DOCUMENTATION_COMMENTS = YES;
				CLANG_WARN_EMPTY_BODY = YES;
				CLANG_WARN_ENUM_CONVERSION = YES;
				CLANG_WARN_INFINITE_RECURSION = YES;
				CLANG_WARN_INT_CONVERSION = YES;
				CLANG_WARN_NON_LITERAL_NULL_CONVERSION = YES;
				CLANG_WARN_OBJC_IMPLICIT_RETAIN_SELF = YES;
				CLANG_WARN_OBJC_LITERAL_CONVERSION = YES;
				CLANG_WARN_OBJC_ROOT_CLASS = YES_ERROR;
				CLANG_WARN_QUOTED_INCLUDE_IN_FRAMEWORK_HEADER = YES;
				CLANG_WARN_RANGE_LOOP_ANALYSIS = YES;
				CLANG_WARN_STRICT_PROTOTYPES = YES;
				CLANG_WARN_SUSPICIOUS_MOVE = YES;
				CLANG_WARN_UNGUARDED_AVAILABILITY = YES_AGGRESSIVE;
				CLANG_WARN_UNREACHABLE_CODE = YES;
				CLANG_WARN__DUPLICATE_METHOD_MATCH = YES;
				COPY_PHASE_STRIP = NO;
				DEBUG_INFORMATION_FORMAT = "dwarf-with-dsym";
				ENABLE_NS_ASSERTIONS = NO;
				ENABLE_STRICT_OBJC_MSGSEND = YES;
				GCC_C_LANGUAGE_STANDARD = gnu11;
				GCC_NO_COMMON_BLOCKS = YES;
				GCC_WARN_64_TO_32_BIT_CONVERSION = YES;
				GCC_WARN_ABOUT_RETURN_TYPE = YES_ERROR;
				GCC_WARN_UNDECLARED_SELECTOR = YES;
				GCC_WARN_UNINITIALIZED_AUTOS = YES_AGGRESSIVE;
				GCC_WARN_UNUSED_FUNCTION = YES;
				GCC_WARN_UNUSED_VARIABLE = YES;
				IPHONEOS_DEPLOYMENT_TARGET = 14.2;
				MTL_ENABLE_DEBUG_INFO = NO;
				MTL_FAST_MATH = YES;
				SDKROOT = iphoneos;
				SWIFT_COMPILATION_MODE = wholemodule;
				SWIFT_OPTIMIZATION_LEVEL = "-O";
				VALIDATE_PRODUCT = YES;
			};
			name = Release;
		};
		471572ED25D1BBC3009B712E /* Debug */ = {
			isa = XCBuildConfiguration;
			buildSettings = {
				ASSETCATALOG_COMPILER_APPICON_NAME = AppIcon;
				ASSETCATALOG_COMPILER_GLOBAL_ACCENT_COLOR_NAME = AccentColor;
				CODE_SIGN_STYLE = Automatic;
				DEVELOPMENT_ASSET_PATHS = "\"Bullseye-Final-version/Preview Content\"";
				DEVELOPMENT_TEAM = Q5Y5DR73B2;
				ENABLE_PREVIEWS = YES;
				INFOPLIST_FILE = "Bullseye-Final-version/Info.plist";
				LD_RUNPATH_SEARCH_PATHS = (
					"$(inherited)",
					"@executable_path/Frameworks",
				);
				PRODUCT_BUNDLE_IDENTIFIER = "com.aoomle.Bullseye-Final-version";
				PRODUCT_NAME = "$(TARGET_NAME)";
				SWIFT_VERSION = 5.0;
				TARGETED_DEVICE_FAMILY = "1,2";
			};
			name = Debug;
		};
		471572EE25D1BBC3009B712E /* Release */ = {
			isa = XCBuildConfiguration;
			buildSettings = {
				ASSETCATALOG_COMPILER_APPICON_NAME = AppIcon;
				ASSETCATALOG_COMPILER_GLOBAL_ACCENT_COLOR_NAME = AccentColor;
				CODE_SIGN_STYLE = Automatic;
				DEVELOPMENT_ASSET_PATHS = "\"Bullseye-Final-version/Preview Content\"";
				DEVELOPMENT_TEAM = Q5Y5DR73B2;
				ENABLE_PREVIEWS = YES;
				INFOPLIST_FILE = "Bullseye-Final-version/Info.plist";
				LD_RUNPATH_SEARCH_PATHS = (
					"$(inherited)",
					"@executable_path/Frameworks",
				);
				PRODUCT_BUNDLE_IDENTIFIER = "com.aoomle.Bullseye-Final-version";
				PRODUCT_NAME = "$(TARGET_NAME)";
				SWIFT_VERSION = 5.0;
				TARGETED_DEVICE_FAMILY = "1,2";
			};
			name = Release;
		};
/* End XCBuildConfiguration section */

/* Begin XCConfigurationList section */
		471572D325D1BBC2009B712E /* Build configuration list for PBXProject "Bullseye-Final-version" */ = {
			isa = XCConfigurationList;
			buildConfigurations = (
				471572EA25D1BBC3009B712E /* Debug */,
				471572EB25D1BBC3009B712E /* Release */,
			);
			defaultConfigurationIsVisible = 0;
			defaultConfigurationName = Release;
		};
		471572EC25D1BBC3009B712E /* Build configuration list for PBXNativeTarget "Bullseye-Final-version" */ = {
			isa = XCConfigurationList;
			buildConfigurations = (
				471572ED25D1BBC3009B712E /* Debug */,
				471572EE25D1BBC3009B712E /* Release */,
			);
			defaultConfigurationIsVisible = 0;
			defaultConfigurationName = Release;
		};
/* End XCConfigurationList section */
	};
	rootObject = 471572D025D1BBC2009B712E /* Project object */;
}
